
Microsoft Visual Studio Solution File, Format Version 12.00
# Visual Studio Version 16
VisualStudioVersion = 16.0.29609.76
MinimumVisualStudioVersion = 10.0.40219.1
Project("{FAE04EC0-301F-11D3-BF4B-00C04F79EFBC}") = "Checkpoint 3 API", "Checkpoint 3 API.csproj", "{6DF0F651-B646-4625-BA2E-E211BCD30110}"
	ProjectSection(ProjectDependencies) = postProject
		{8BC5544E-0E3C-44DB-B57E-787379F1986A} = {8BC5544E-0E3C-44DB-B57E-787379F1986A}
	EndProjectSection
EndProject
Project("{FAE04EC0-301F-11D3-BF4B-00C04F79EFBC}") = "API Queries", "API Queries\API Queries.csproj", "{8BC5544E-0E3C-44DB-B57E-787379F1986A}"
EndProject
Global
	GlobalSection(SolutionConfigurationPlatforms) = preSolution
		Debug|Any CPU = Debug|Any CPU
		Release|Any CPU = Release|Any CPU
	EndGlobalSection
	GlobalSection(ProjectConfigurationPlatforms) = postSolution
		{6DF0F651-B646-4625-BA2E-E211BCD30110}.Debug|Any CPU.ActiveCfg = Debug|Any CPU
		{6DF0F651-B646-4625-BA2E-E211BCD30110}.Debug|Any CPU.Build.0 = Debug|Any CPU
		{6DF0F651-B646-4625-BA2E-E211BCD30110}.Release|Any CPU.ActiveCfg = Release|Any CPU
		{6DF0F651-B646-4625-BA2E-E211BCD30110}.Release|Any CPU.Build.0 = Release|Any CPU
		{8BC5544E-0E3C-44DB-B57E-787379F1986A}.Debug|Any CPU.ActiveCfg = Debug|Any CPU
		{8BC5544E-0E3C-44DB-B57E-787379F1986A}.Debug|Any CPU.Build.0 = Debug|Any CPU
		{8BC5544E-0E3C-44DB-B57E-787379F1986A}.Release|Any CPU.ActiveCfg = Release|Any CPU
		{8BC5544E-0E3C-44DB-B57E-787379F1986A}.Release|Any CPU.Build.0 = Release|Any CPU
	EndGlobalSection
	GlobalSection(SolutionProperties) = preSolution
		HideSolutionNode = FALSE
	EndGlobalSection
	GlobalSection(ExtensibilityGlobals) = postSolution
		SolutionGuid = {EF436A37-CC35-4715-803F-5D0D6D9E9C1A}
	EndGlobalSection
EndGlobal
